
Microsoft Visual Studio Solution File, Format Version 12.00
# Visual Studio 15
VisualStudioVersion = 15.0.28307.1622
MinimumVisualStudioVersion = 10.0.40219.1
Project("{FAE04EC0-301F-11D3-BF4B-00C04F79EFBC}") = "Payroll", "Payroll\Payroll.csproj", "{366853AA-DA51-489F-9438-DD06FE2A6749}"
EndProject
Project("{FAE04EC0-301F-11D3-BF4B-00C04F79EFBC}") = "Ria", "Ria\Ria.csproj", "{677002B2-8BA8-4E0A-A03E-1981D4756A37}"
EndProject
Project("{FAE04EC0-301F-11D3-BF4B-00C04F79EFBC}") = "Reflx", "Ria\Reflx\Reflx.csproj", "{FF60305A-A48B-4E61-AB32-48ACCA429AD9}"
EndProject
Project("{FAE04EC0-301F-11D3-BF4B-00C04F79EFBC}") = "Nvy", "Ria\Reflx\Nvy\Nvy.csproj", "{D3CE71DF-1CF7-44FA-9B67-EA24168A7AD6}"
EndProject
Project("{FAE04EC0-301F-11D3-BF4B-00C04F79EFBC}") = "Eksmaru", "Ria\Eksmaru\Eksmaru.csproj", "{60BFCDD8-C920-4999-9727-2BE8F3238236}"
EndProject
Project("{FAE04EC0-301F-11D3-BF4B-00C04F79EFBC}") = "Arvy", "Ria\Arvy\Arvy.csproj", "{3A658B44-725F-44A8-A0F0-710E56E99BC6}"
EndProject
Project("{FAE04EC0-301F-11D3-BF4B-00C04F79EFBC}") = "Exy", "Ria\Arvy\Exy\Exy.csproj", "{AED04E87-1239-4184-9572-0E6A860E23A0}"
EndProject
Project("{2150E333-8FDC-42A3-9474-1A3956D46DE8}") = "Framework", "Framework", "{FA6EB76C-FE73-4AF8-97A7-06148AC1DFBE}"
EndProject
Project("{FAE04EC0-301F-11D3-BF4B-00C04F79EFBC}") = "Shiro", "Shiro\Shiro.csproj", "{BC3382B0-85D2-4812-967F-5EF2D39B0A22}"
EndProject
Project("{FAE04EC0-301F-11D3-BF4B-00C04F79EFBC}") = "Emi", "Emi\Emi.csproj", "{2851AB33-C4FA-41E1-96CA-925B4DD1A355}"
EndProject
Project("{FAE04EC0-301F-11D3-BF4B-00C04F79EFBC}") = "Meutia", "Meutia\Meutia.csproj", "{FBE2490B-A481-49BD-99E1-C84B0D53726B}"
EndProject
Global
	GlobalSection(SolutionConfigurationPlatforms) = preSolution
		Debug|Any CPU = Debug|Any CPU
		Release|Any CPU = Release|Any CPU
	EndGlobalSection
	GlobalSection(ProjectConfigurationPlatforms) = postSolution
		{366853AA-DA51-489F-9438-DD06FE2A6749}.Debug|Any CPU.ActiveCfg = Debug|Any CPU
		{366853AA-DA51-489F-9438-DD06FE2A6749}.Debug|Any CPU.Build.0 = Debug|Any CPU
		{366853AA-DA51-489F-9438-DD06FE2A6749}.Release|Any CPU.ActiveCfg = Release|Any CPU
		{366853AA-DA51-489F-9438-DD06FE2A6749}.Release|Any CPU.Build.0 = Release|Any CPU
		{677002B2-8BA8-4E0A-A03E-1981D4756A37}.Debug|Any CPU.ActiveCfg = Debug|Any CPU
		{677002B2-8BA8-4E0A-A03E-1981D4756A37}.Debug|Any CPU.Build.0 = Debug|Any CPU
		{677002B2-8BA8-4E0A-A03E-1981D4756A37}.Release|Any CPU.ActiveCfg = Release|Any CPU
		{677002B2-8BA8-4E0A-A03E-1981D4756A37}.Release|Any CPU.Build.0 = Release|Any CPU
		{FF60305A-A48B-4E61-AB32-48ACCA429AD9}.Debug|Any CPU.ActiveCfg = Debug|Any CPU
		{FF60305A-A48B-4E61-AB32-48ACCA429AD9}.Debug|Any CPU.Build.0 = Debug|Any CPU
		{FF60305A-A48B-4E61-AB32-48ACCA429AD9}.Release|Any CPU.ActiveCfg = Release|Any CPU
		{FF60305A-A48B-4E61-AB32-48ACCA429AD9}.Release|Any CPU.Build.0 = Release|Any CPU
		{D3CE71DF-1CF7-44FA-9B67-EA24168A7AD6}.Debug|Any CPU.ActiveCfg = Debug|Any CPU
		{D3CE71DF-1CF7-44FA-9B67-EA24168A7AD6}.Debug|Any CPU.Build.0 = Debug|Any CPU
		{D3CE71DF-1CF7-44FA-9B67-EA24168A7AD6}.Release|Any CPU.ActiveCfg = Release|Any CPU
		{D3CE71DF-1CF7-44FA-9B67-EA24168A7AD6}.Release|Any CPU.Build.0 = Release|Any CPU
		{60BFCDD8-C920-4999-9727-2BE8F3238236}.Debug|Any CPU.ActiveCfg = Debug|Any CPU
		{60BFCDD8-C920-4999-9727-2BE8F3238236}.Debug|Any CPU.Build.0 = Debug|Any CPU
		{60BFCDD8-C920-4999-9727-2BE8F3238236}.Release|Any CPU.ActiveCfg = Release|Any CPU
		{60BFCDD8-C920-4999-9727-2BE8F3238236}.Release|Any CPU.Build.0 = Release|Any CPU
		{3A658B44-725F-44A8-A0F0-710E56E99BC6}.Debug|Any CPU.ActiveCfg = Debug|Any CPU
		{3A658B44-725F-44A8-A0F0-710E56E99BC6}.Debug|Any CPU.Build.0 = Debug|Any CPU
		{3A658B44-725F-44A8-A0F0-710E56E99BC6}.Release|Any CPU.ActiveCfg = Release|Any CPU
		{3A658B44-725F-44A8-A0F0-710E56E99BC6}.Release|Any CPU.Build.0 = Release|Any CPU
		{AED04E87-1239-4184-9572-0E6A860E23A0}.Debug|Any CPU.ActiveCfg = Debug|Any CPU
		{AED04E87-1239-4184-9572-0E6A860E23A0}.Debug|Any CPU.Build.0 = Debug|Any CPU
		{AED04E87-1239-4184-9572-0E6A860E23A0}.Release|Any CPU.ActiveCfg = Release|Any CPU
		{AED04E87-1239-4184-9572-0E6A860E23A0}.Release|Any CPU.Build.0 = Release|Any CPU
		{BC3382B0-85D2-4812-967F-5EF2D39B0A22}.Debug|Any CPU.ActiveCfg = Debug|Any CPU
		{BC3382B0-85D2-4812-967F-5EF2D39B0A22}.Debug|Any CPU.Build.0 = Debug|Any CPU
		{BC3382B0-85D2-4812-967F-5EF2D39B0A22}.Release|Any CPU.ActiveCfg = Release|Any CPU
		{BC3382B0-85D2-4812-967F-5EF2D39B0A22}.Release|Any CPU.Build.0 = Release|Any CPU
		{2851AB33-C4FA-41E1-96CA-925B4DD1A355}.Debug|Any CPU.ActiveCfg = Debug|Any CPU
		{2851AB33-C4FA-41E1-96CA-925B4DD1A355}.Debug|Any CPU.Build.0 = Debug|Any CPU
		{2851AB33-C4FA-41E1-96CA-925B4DD1A355}.Release|Any CPU.ActiveCfg = Release|Any CPU
		{2851AB33-C4FA-41E1-96CA-925B4DD1A355}.Release|Any CPU.Build.0 = Release|Any CPU
		{FBE2490B-A481-49BD-99E1-C84B0D53726B}.Debug|Any CPU.ActiveCfg = Debug|Any CPU
		{FBE2490B-A481-49BD-99E1-C84B0D53726B}.Debug|Any CPU.Build.0 = Debug|Any CPU
		{FBE2490B-A481-49BD-99E1-C84B0D53726B}.Release|Any CPU.ActiveCfg = Release|Any CPU
		{FBE2490B-A481-49BD-99E1-C84B0D53726B}.Release|Any CPU.Build.0 = Release|Any CPU
	EndGlobalSection
	GlobalSection(SolutionProperties) = preSolution
		HideSolutionNode = FALSE
	EndGlobalSection
	GlobalSection(NestedProjects) = preSolution
		{677002B2-8BA8-4E0A-A03E-1981D4756A37} = {FA6EB76C-FE73-4AF8-97A7-06148AC1DFBE}
		{FF60305A-A48B-4E61-AB32-48ACCA429AD9} = {FA6EB76C-FE73-4AF8-97A7-06148AC1DFBE}
		{D3CE71DF-1CF7-44FA-9B67-EA24168A7AD6} = {FA6EB76C-FE73-4AF8-97A7-06148AC1DFBE}
		{60BFCDD8-C920-4999-9727-2BE8F3238236} = {FA6EB76C-FE73-4AF8-97A7-06148AC1DFBE}
		{3A658B44-725F-44A8-A0F0-710E56E99BC6} = {FA6EB76C-FE73-4AF8-97A7-06148AC1DFBE}
		{AED04E87-1239-4184-9572-0E6A860E23A0} = {FA6EB76C-FE73-4AF8-97A7-06148AC1DFBE}
		{BC3382B0-85D2-4812-967F-5EF2D39B0A22} = {FA6EB76C-FE73-4AF8-97A7-06148AC1DFBE}
		{2851AB33-C4FA-41E1-96CA-925B4DD1A355} = {FA6EB76C-FE73-4AF8-97A7-06148AC1DFBE}
		{FBE2490B-A481-49BD-99E1-C84B0D53726B} = {FA6EB76C-FE73-4AF8-97A7-06148AC1DFBE}
	EndGlobalSection
	GlobalSection(ExtensibilityGlobals) = postSolution
		SolutionGuid = {17ABAA1F-3497-4FC0-AD9F-BCF9BDBADE69}
	EndGlobalSection
EndGlobal
